PODS:
  - Expecta (1.0.2)
  - HRSAdvancedTableViews (0.3.1):
    - HRSAdvancedTableViews/HRSIndexPathMapping (= 0.3.1)
    - HRSAdvancedTableViews/HRSSectionController (= 0.3.1)
  - HRSAdvancedTableViews/HRSIndexPathMapping (0.3.1)
  - HRSAdvancedTableViews/HRSSectionController (0.3.1)
  - OCMock (3.1.5)

DEPENDENCIES:
  - Expecta
  - HRSAdvancedTableViews (from `../`)
  - OCMock

EXTERNAL SOURCES:
  HRSAdvancedTableViews:
    :path: "../"

SPEC CHECKSUMS:
  Expecta: 54e8a3530add08f4f0208c111355eda7cde74a53
  HRSAdvancedTableViews: e77881f97ce5cde2556916ed095595ed8439b0a7
  OCMock: 4c2925291f80407c3738dd1db14d21d0cc278864

COCOAPODS: 0.38.2
