PODS:
  - Expecta (1.0.2)
  - HRSAdvancedTableViews (0.3.0):
    - HRSAdvancedTableViews/HRSIndexPathMapping (= 0.3.0)
    - HRSAdvancedTableViews/HRSSectionController (= 0.3.0)
  - HRSAdvancedTableViews/HRSIndexPathMapping (0.3.0)
  - HRSAdvancedTableViews/HRSSectionController (0.3.0)
  - OCMock (3.1.5)

DEPENDENCIES:
  - Expecta
  - HRSAdvancedTableViews (from `../`)
  - OCMock

EXTERNAL SOURCES:
  HRSAdvancedTableViews:
    :path: "../"

SPEC CHECKSUMS:
  Expecta: 54e8a3530add08f4f0208c111355eda7cde74a53
  HRSAdvancedTableViews: d6e7a310d5216c4ccb5709419cef7df612fce8d7
  OCMock: 4c2925291f80407c3738dd1db14d21d0cc278864

COCOAPODS: 0.38.2
